// !$*UTF8*$!
{
	archiveVersion = 1;
	classes = {
	};
	objectVersion = 46;
	objects = {

/* Begin PBXBuildFile section */
		9B2653851E71BC5100EACAEB /* fit.cpp in Sources */ = {isa = PBXBuildFile; fileRef = 9B2653811E71BC5100EACAEB /* fit.cpp */; };
		9B3111FE1F5724560054558F /* draw_projection.C in Sources */ = {isa = PBXBuildFile; fileRef = 9B3111FD1F5724560054558F /* draw_projection.C */; };
		9B585FF71F262FF90005CB7F /* extract_charge_assymetry.cc in Sources */ = {isa = PBXBuildFile; fileRef = 9B585FF61F262FF90005CB7F /* extract_charge_assymetry.cc */; };
		9B76093D1E9BED6F0089EEF9 /* compare_pseudotop_rivet.cc in Sources */ = {isa = PBXBuildFile; fileRef = 9B76093C1E9BED6F0089EEF9 /* compare_pseudotop_rivet.cc */; };
		9B9CF8A51F87C3DD00523E05 /* make_pvals.cc in Sources */ = {isa = PBXBuildFile; fileRef = 9B9CF8A41F87C3DD00523E05 /* make_pvals.cc */; };
		9BB27E0F1F9F7C6F008F26E1 /* CMS_lumi.C in Sources */ = {isa = PBXBuildFile; fileRef = 9BB27E0C1F9F7C6F008F26E1 /* CMS_lumi.C */; };
		9BB27E101F9F7C6F008F26E1 /* tdrstyle.C in Sources */ = {isa = PBXBuildFile; fileRef = 9BB27E0E1F9F7C6F008F26E1 /* tdrstyle.C */; };
		9BF359631F7A7BD5000DE23B /* check_r_out_in.cc in Sources */ = {isa = PBXBuildFile; fileRef = 9BF359621F7A7BD5000DE23B /* check_r_out_in.cc */; };
/* End PBXBuildFile section */

/* Begin PBXCopyFilesBuildPhase section */
		9BDBDBC61E30CF8B00789C30 /* CopyFiles */ = {
			isa = PBXCopyFilesBuildPhase;
			buildActionMask = 2147483647;
			dstPath = /usr/share/man/man1/;
			dstSubfolderSpec = 0;
			files = (
			);
			runOnlyForDeploymentPostprocessing = 1;
		};
/* End PBXCopyFilesBuildPhase section */

/* Begin PBXFileReference section */
		9B2653811E71BC5100EACAEB /* fit.cpp */ = {isa = PBXFileReference; fileEncoding = 4; lastKnownFileType = sourcecode.cpp.cpp; name = fit.cpp; path = src/fit.cpp; sourceTree = "<group>"; };
		9B2653841E71BC5100EACAEB /* fit.h */ = {isa = PBXFileReference; fileEncoding = 4; lastKnownFileType = sourcecode.c.h; name = fit.h; path = src/fit.h; sourceTree = "<group>"; };
		9B2653871E73181300EACAEB /* TODO */ = {isa = PBXFileReference; fileEncoding = 4; lastKnownFileType = text; path = TODO; sourceTree = "<group>"; };
		9B3111FD1F5724560054558F /* draw_projection.C */ = {isa = PBXFileReference; fileEncoding = 4; lastKnownFileType = sourcecode.cpp.cpp; path = draw_projection.C; sourceTree = "<group>"; };
		9B585FF61F262FF90005CB7F /* extract_charge_assymetry.cc */ = {isa = PBXFileReference; fileEncoding = 4; lastKnownFileType = sourcecode.cpp.cpp; name = extract_charge_assymetry.cc; path = src/extract_charge_assymetry.cc; sourceTree = "<group>"; };
		9B5A7B2A1F32236C00EADAAD /* example.tex */ = {isa = PBXFileReference; fileEncoding = 4; lastKnownFileType = text; path = example.tex; sourceTree = "<group>"; };
		9B5A7B301F34762F00EADAAD /* abs_particle.tex */ = {isa = PBXFileReference; fileEncoding = 4; lastKnownFileType = text; path = abs_particle.tex; sourceTree = "<group>"; };
		9B5A7B311F34B02300EADAAD /* norm_parton.tex */ = {isa = PBXFileReference; fileEncoding = 4; lastKnownFileType = text; path = norm_parton.tex; sourceTree = "<group>"; };
		9B5A7B321F34D30300EADAAD /* abs_parton.tex */ = {isa = PBXFileReference; fileEncoding = 4; lastKnownFileType = text; path = abs_parton.tex; sourceTree = "<group>"; };
		9B5A7B331F34D34D00EADAAD /* norm_particle.tex */ = {isa = PBXFileReference; fileEncoding = 4; lastKnownFileType = text; path = norm_particle.tex; sourceTree = "<group>"; };
		9B76093C1E9BED6F0089EEF9 /* compare_pseudotop_rivet.cc */ = {isa = PBXFileReference; fileEncoding = 4; lastKnownFileType = sourcecode.cpp.cpp; name = compare_pseudotop_rivet.cc; path = src/compare_pseudotop_rivet.cc; sourceTree = "<group>"; };
		9B9CF8A41F87C3DD00523E05 /* make_pvals.cc */ = {isa = PBXFileReference; fileEncoding = 4; lastKnownFileType = sourcecode.cpp.cpp; name = make_pvals.cc; path = src/make_pvals.cc; sourceTree = "<group>"; };
		9BB27E0C1F9F7C6F008F26E1 /* CMS_lumi.C */ = {isa = PBXFileReference; fileEncoding = 4; lastKnownFileType = sourcecode.cpp.cpp; name = CMS_lumi.C; path = src/CMS_lumi.C; sourceTree = "<group>"; };
		9BB27E0D1F9F7C6F008F26E1 /* CMS_lumi.h */ = {isa = PBXFileReference; fileEncoding = 4; lastKnownFileType = sourcecode.c.h; name = CMS_lumi.h; path = src/CMS_lumi.h; sourceTree = "<group>"; };
		9BB27E0E1F9F7C6F008F26E1 /* tdrstyle.C */ = {isa = PBXFileReference; fileEncoding = 4; lastKnownFileType = sourcecode.cpp.cpp; name = tdrstyle.C; path = src/tdrstyle.C; sourceTree = "<group>"; };
		9BB27E121FA2278B008F26E1 /* helper_tools.h */ = {isa = PBXFileReference; fileEncoding = 4; lastKnownFileType = sourcecode.c.h; name = helper_tools.h; path = src/helper_tools.h; sourceTree = "<group>"; };
		9BDBDBC81E30CF8B00789C30 /* EFT_Fitter */ = {isa = PBXFileReference; explicitFileType = "compiled.mach-o.executable"; includeInIndex = 0; path = EFT_Fitter; sourceTree = BUILT_PRODUCTS_DIR; };
		9BDBDBD21E30CFFD00789C30 /* README */ = {isa = PBXFileReference; fileEncoding = 4; lastKnownFileType = text; path = README; sourceTree = "<group>"; };
		9BF359611F755E11000DE23B /* HypTTBarDeltaRapidity_totCovMtrxFile.txt */ = {isa = PBXFileReference; fileEncoding = 4; lastKnownFileType = text; path = HypTTBarDeltaRapidity_totCovMtrxFile.txt; sourceTree = "<group>"; };
		9BF359621F7A7BD5000DE23B /* check_r_out_in.cc */ = {isa = PBXFileReference; fileEncoding = 4; lastKnownFileType = sourcecode.cpp.cpp; path = check_r_out_in.cc; sourceTree = "<group>"; };
		9BF359641F8291CF000DE23B /* HypLLBarDPhi_totCovMtrxFile.txt */ = {isa = PBXFileReference; fileEncoding = 4; lastKnownFileType = text; path = HypLLBarDPhi_totCovMtrxFile.txt; sourceTree = "<group>"; };
/* End PBXFileReference section */

/* Begin PBXFrameworksBuildPhase section */
		9BDBDBC51E30CF8B00789C30 /* Frameworks */ = {
			isa = PBXFrameworksBuildPhase;
			buildActionMask = 2147483647;
			files = (
			);
			runOnlyForDeploymentPostprocessing = 0;
		};
/* End PBXFrameworksBuildPhase section */

/* Begin PBXGroup section */
		9BDBDBBF1E30CF8B00789C30 = {
			isa = PBXGroup;
			children = (
				9BDBDBCA1E30CF8B00789C30 /* EFT_Fitter */,
				9BDBDBC91E30CF8B00789C30 /* Products */,
			);
			sourceTree = "<group>";
		};
		9BDBDBC91E30CF8B00789C30 /* Products */ = {
			isa = PBXGroup;
			children = (
				9BDBDBC81E30CF8B00789C30 /* EFT_Fitter */,
			);
			name = Products;
			sourceTree = "<group>";
		};
		9BDBDBCA1E30CF8B00789C30 /* EFT_Fitter */ = {
			isa = PBXGroup;
			children = (
				9B2653811E71BC5100EACAEB /* fit.cpp */,
				9B2653841E71BC5100EACAEB /* fit.h */,
				9BB27E0C1F9F7C6F008F26E1 /* CMS_lumi.C */,
				9BB27E0D1F9F7C6F008F26E1 /* CMS_lumi.h */,
				9BB27E0E1F9F7C6F008F26E1 /* tdrstyle.C */,
				9BF359641F8291CF000DE23B /* HypLLBarDPhi_totCovMtrxFile.txt */,
				9BF359621F7A7BD5000DE23B /* check_r_out_in.cc */,
				9B5A7B331F34D34D00EADAAD /* norm_particle.tex */,
				9B5A7B321F34D30300EADAAD /* abs_parton.tex */,
				9B5A7B311F34B02300EADAAD /* norm_parton.tex */,
				9B5A7B301F34762F00EADAAD /* abs_particle.tex */,
				9B9CF8A41F87C3DD00523E05 /* make_pvals.cc */,
				9BDBDBD21E30CFFD00789C30 /* README */,
				9B76093C1E9BED6F0089EEF9 /* compare_pseudotop_rivet.cc */,
				9B585FF61F262FF90005CB7F /* extract_charge_assymetry.cc */,
				9B3111FD1F5724560054558F /* draw_projection.C */,
				9B5A7B2A1F32236C00EADAAD /* example.tex */,
				9B2653871E73181300EACAEB /* TODO */,
				9BB27E121FA2278B008F26E1 /* helper_tools.h */,
				9BF359611F755E11000DE23B /* HypTTBarDeltaRapidity_totCovMtrxFile.txt */,
			);
			path = EFT_Fitter;
			sourceTree = "<group>";
		};
/* End PBXGroup section */

/* Begin PBXNativeTarget section */
		9BDBDBC71E30CF8B00789C30 /* EFT_Fitter */ = {
			isa = PBXNativeTarget;
			buildConfigurationList = 9BDBDBCF1E30CF8B00789C30 /* Build configuration list for PBXNativeTarget "EFT_Fitter" */;
			buildPhases = (
				9BDBDBC41E30CF8B00789C30 /* Sources */,
				9BDBDBC51E30CF8B00789C30 /* Frameworks */,
				9BDBDBC61E30CF8B00789C30 /* CopyFiles */,
			);
			buildRules = (
			);
			dependencies = (
			);
			name = EFT_Fitter;
			productName = EFT_Fitter;
			productReference = 9BDBDBC81E30CF8B00789C30 /* EFT_Fitter */;
			productType = "com.apple.product-type.tool";
		};
/* End PBXNativeTarget section */

/* Begin PBXProject section */
		9BDBDBC01E30CF8B00789C30 /* Project object */ = {
			isa = PBXProject;
			attributes = {
				LastUpgradeCheck = 0810;
				ORGANIZATIONNAME = "James Keaveney";
				TargetAttributes = {
					9BDBDBC71E30CF8B00789C30 = {
						CreatedOnToolsVersion = 8.1;
						ProvisioningStyle = Automatic;
					};
				};
			};
			buildConfigurationList = 9BDBDBC31E30CF8B00789C30 /* Build configuration list for PBXProject "EFT_Fitter" */;
			compatibilityVersion = "Xcode 3.2";
			developmentRegion = English;
			hasScannedForEncodings = 0;
			knownRegions = (
				en,
			);
			mainGroup = 9BDBDBBF1E30CF8B00789C30;
			productRefGroup = 9BDBDBC91E30CF8B00789C30 /* Products */;
			projectDirPath = "";
			projectRoot = "";
			targets = (
				9BDBDBC71E30CF8B00789C30 /* EFT_Fitter */,
			);
		};
/* End PBXProject section */

/* Begin PBXSourcesBuildPhase section */
		9BDBDBC41E30CF8B00789C30 /* Sources */ = {
			isa = PBXSourcesBuildPhase;
			buildActionMask = 2147483647;
			files = (
				9B3111FE1F5724560054558F /* draw_projection.C in Sources */,
				9B9CF8A51F87C3DD00523E05 /* make_pvals.cc in Sources */,
				9B76093D1E9BED6F0089EEF9 /* compare_pseudotop_rivet.cc in Sources */,
				9B2653851E71BC5100EACAEB /* fit.cpp in Sources */,
				9BF359631F7A7BD5000DE23B /* check_r_out_in.cc in Sources */,
				9B585FF71F262FF90005CB7F /* extract_charge_assymetry.cc in Sources */,
				9BB27E101F9F7C6F008F26E1 /* tdrstyle.C in Sources */,
				9BB27E0F1F9F7C6F008F26E1 /* CMS_lumi.C in Sources */,
			);
			runOnlyForDeploymentPostprocessing = 0;
		};
/* End PBXSourcesBuildPhase section */

/* Begin XCBuildConfiguration section */
		9BDBDBCD1E30CF8B00789C30 /* Debug */ = {
			isa = XCBuildConfiguration;
			buildSettings = {
				ALWAYS_SEARCH_USER_PATHS = NO;
				CLANG_ANALYZER_NONNULL = YES;
				CLANG_CXX_LANGUAGE_STANDARD = "gnu++0x";
				CLANG_CXX_LIBRARY = "libc++";
				CLANG_ENABLE_MODULES = YES;
				CLANG_ENABLE_OBJC_ARC = YES;
				CLANG_WARN_BOOL_CONVERSION = YES;
				CLANG_WARN_CONSTANT_CONVERSION = YES;
				CLANG_WARN_DIRECT_OBJC_ISA_USAGE = YES_ERROR;
				CLANG_WARN_DOCUMENTATION_COMMENTS = YES;
				CLANG_WARN_EMPTY_BODY = YES;
				CLANG_WARN_ENUM_CONVERSION = YES;
				CLANG_WARN_INFINITE_RECURSION = YES;
				CLANG_WARN_INT_CONVERSION = YES;
				CLANG_WARN_OBJC_ROOT_CLASS = YES_ERROR;
				CLANG_WARN_SUSPICIOUS_MOVES = YES;
				CLANG_WARN_UNREACHABLE_CODE = YES;
				CLANG_WARN__DUPLICATE_METHOD_MATCH = YES;
				CODE_SIGN_IDENTITY = "-";
				COPY_PHASE_STRIP = NO;
				DEBUG_INFORMATION_FORMAT = dwarf;
				ENABLE_STRICT_OBJC_MSGSEND = YES;
				ENABLE_TESTABILITY = YES;
				GCC_C_LANGUAGE_STANDARD = gnu99;
				GCC_DYNAMIC_NO_PIC = NO;
				GCC_NO_COMMON_BLOCKS = YES;
				GCC_OPTIMIZATION_LEVEL = 0;
				GCC_PREPROCESSOR_DEFINITIONS = (
					"DEBUG=1",
					"$(inherited)",
				);
				GCC_WARN_64_TO_32_BIT_CONVERSION = YES;
				GCC_WARN_ABOUT_RETURN_TYPE = YES_ERROR;
				GCC_WARN_UNDECLARED_SELECTOR = YES;
				GCC_WARN_UNINITIALIZED_AUTOS = YES_AGGRESSIVE;
				GCC_WARN_UNUSED_FUNCTION = YES;
				GCC_WARN_UNUSED_VARIABLE = YES;
				MACOSX_DEPLOYMENT_TARGET = 10.12;
				MTL_ENABLE_DEBUG_INFO = YES;
				ONLY_ACTIVE_ARCH = YES;
				SDKROOT = macosx;
			};
			name = Debug;
		};
		9BDBDBCE1E30CF8B00789C30 /* Release */ = {
			isa = XCBuildConfiguration;
			buildSettings = {
				ALWAYS_SEARCH_USER_PATHS = NO;
				CLANG_ANALYZER_NONNULL = YES;
				CLANG_CXX_LANGUAGE_STANDARD = "gnu++0x";
				CLANG_CXX_LIBRARY = "libc++";
				CLANG_ENABLE_MODULES = YES;
				CLANG_ENABLE_OBJC_ARC = YES;
				CLANG_WARN_BOOL_CONVERSION = YES;
				CLANG_WARN_CONSTANT_CONVERSION = YES;
				CLANG_WARN_DIRECT_OBJC_ISA_USAGE = YES_ERROR;
				CLANG_WARN_DOCUMENTATION_COMMENTS = YES;
				CLANG_WARN_EMPTY_BODY = YES;
				CLANG_WARN_ENUM_CONVERSION = YES;
				CLANG_WARN_INFINITE_RECURSION = YES;
				CLANG_WARN_INT_CONVERSION = YES;
				CLANG_WARN_OBJC_ROOT_CLASS = YES_ERROR;
				CLANG_WARN_SUSPICIOUS_MOVES = YES;
				CLANG_WARN_UNREACHABLE_CODE = YES;
				CLANG_WARN__DUPLICATE_METHOD_MATCH = YES;
				CODE_SIGN_IDENTITY = "-";
				COPY_PHASE_STRIP = NO;
				DEBUG_INFORMATION_FORMAT = "dwarf-with-dsym";
				ENABLE_NS_ASSERTIONS = NO;
				ENABLE_STRICT_OBJC_MSGSEND = YES;
				GCC_C_LANGUAGE_STANDARD = gnu99;
				GCC_NO_COMMON_BLOCKS = YES;
				GCC_WARN_64_TO_32_BIT_CONVERSION = YES;
				GCC_WARN_ABOUT_RETURN_TYPE = YES_ERROR;
				GCC_WARN_UNDECLARED_SELECTOR = YES;
				GCC_WARN_UNINITIALIZED_AUTOS = YES_AGGRESSIVE;
				GCC_WARN_UNUSED_FUNCTION = YES;
				GCC_WARN_UNUSED_VARIABLE = YES;
				MACOSX_DEPLOYMENT_TARGET = 10.12;
				MTL_ENABLE_DEBUG_INFO = NO;
				SDKROOT = macosx;
			};
			name = Release;
		};
		9BDBDBD01E30CF8B00789C30 /* Debug */ = {
			isa = XCBuildConfiguration;
			buildSettings = {
				PRODUCT_NAME = "$(TARGET_NAME)";
			};
			name = Debug;
		};
		9BDBDBD11E30CF8B00789C30 /* Release */ = {
			isa = XCBuildConfiguration;
			buildSettings = {
				PRODUCT_NAME = "$(TARGET_NAME)";
			};
			name = Release;
		};
/* End XCBuildConfiguration section */

/* Begin XCConfigurationList section */
		9BDBDBC31E30CF8B00789C30 /* Build configuration list for PBXProject "EFT_Fitter" */ = {
			isa = XCConfigurationList;
			buildConfigurations = (
				9BDBDBCD1E30CF8B00789C30 /* Debug */,
				9BDBDBCE1E30CF8B00789C30 /* Release */,
			);
			defaultConfigurationIsVisible = 0;
			defaultConfigurationName = Release;
		};
		9BDBDBCF1E30CF8B00789C30 /* Build configuration list for PBXNativeTarget "EFT_Fitter" */ = {
			isa = XCConfigurationList;
			buildConfigurations = (
				9BDBDBD01E30CF8B00789C30 /* Debug */,
				9BDBDBD11E30CF8B00789C30 /* Release */,
			);
			defaultConfigurationIsVisible = 0;
			defaultConfigurationName = Release;
		};
/* End XCConfigurationList section */
	};
	rootObject = 9BDBDBC01E30CF8B00789C30 /* Project object */;
}
